
Microsoft Visual Studio Solution File, Format Version 12.00
# Visual Studio 14
VisualStudioVersion = 14.0.25420.1
MinimumVisualStudioVersion = 10.0.40219.1
Project("{FAE04EC0-301F-11D3-BF4B-00C04F79EFBC}") = "Domain", "Domain\Domain.csproj", "{F63C7C33-B2BF-4696-A4FA-9182DC48FF2E}"
EndProject
Project("{FAE04EC0-301F-11D3-BF4B-00C04F79EFBC}") = "Gui", "Gui\Gui.csproj", "{DF8184D7-D3C1-4503-BB31-4881E257F926}"
EndProject
Project("{FAE04EC0-301F-11D3-BF4B-00C04F79EFBC}") = "UnitTest", "UnitTest\UnitTest.csproj", "{8C4F5BDF-1988-471E-9A58-D5CB410CAEBA}"
EndProject
Project("{FAE04EC0-301F-11D3-BF4B-00C04F79EFBC}") = "Logica", "Logica\Logica.csproj", "{C7A99609-927E-4729-834B-9DEDA5EE901A}"
EndProject
Project("{FAE04EC0-301F-11D3-BF4B-00C04F79EFBC}") = "GlobalStorage", "GlobalStorage\GlobalStorage.csproj", "{D372A857-7EF6-4634-9D7C-DB552F38E5D3}"
EndProject
Global
	GlobalSection(SolutionConfigurationPlatforms) = preSolution
		Debug|Any CPU = Debug|Any CPU
		Debug|ARM = Debug|ARM
		Debug|x64 = Debug|x64
		Debug|x86 = Debug|x86
		Release|Any CPU = Release|Any CPU
		Release|ARM = Release|ARM
		Release|x64 = Release|x64
		Release|x86 = Release|x86
	EndGlobalSection
	GlobalSection(ProjectConfigurationPlatforms) = postSolution
		{F63C7C33-B2BF-4696-A4FA-9182DC48FF2E}.Debug|Any CPU.ActiveCfg = Debug|Any CPU
		{F63C7C33-B2BF-4696-A4FA-9182DC48FF2E}.Debug|Any CPU.Build.0 = Debug|Any CPU
		{F63C7C33-B2BF-4696-A4FA-9182DC48FF2E}.Debug|ARM.ActiveCfg = Debug|Any CPU
		{F63C7C33-B2BF-4696-A4FA-9182DC48FF2E}.Debug|ARM.Build.0 = Debug|Any CPU
		{F63C7C33-B2BF-4696-A4FA-9182DC48FF2E}.Debug|x64.ActiveCfg = Debug|Any CPU
		{F63C7C33-B2BF-4696-A4FA-9182DC48FF2E}.Debug|x64.Build.0 = Debug|Any CPU
		{F63C7C33-B2BF-4696-A4FA-9182DC48FF2E}.Debug|x86.ActiveCfg = Debug|Any CPU
		{F63C7C33-B2BF-4696-A4FA-9182DC48FF2E}.Debug|x86.Build.0 = Debug|Any CPU
		{F63C7C33-B2BF-4696-A4FA-9182DC48FF2E}.Release|Any CPU.ActiveCfg = Release|Any CPU
		{F63C7C33-B2BF-4696-A4FA-9182DC48FF2E}.Release|Any CPU.Build.0 = Release|Any CPU
		{F63C7C33-B2BF-4696-A4FA-9182DC48FF2E}.Release|ARM.ActiveCfg = Release|Any CPU
		{F63C7C33-B2BF-4696-A4FA-9182DC48FF2E}.Release|ARM.Build.0 = Release|Any CPU
		{F63C7C33-B2BF-4696-A4FA-9182DC48FF2E}.Release|x64.ActiveCfg = Release|Any CPU
		{F63C7C33-B2BF-4696-A4FA-9182DC48FF2E}.Release|x64.Build.0 = Release|Any CPU
		{F63C7C33-B2BF-4696-A4FA-9182DC48FF2E}.Release|x86.ActiveCfg = Release|Any CPU
		{F63C7C33-B2BF-4696-A4FA-9182DC48FF2E}.Release|x86.Build.0 = Release|Any CPU
		{DF8184D7-D3C1-4503-BB31-4881E257F926}.Debug|Any CPU.ActiveCfg = Debug|Any CPU
		{DF8184D7-D3C1-4503-BB31-4881E257F926}.Debug|Any CPU.Build.0 = Debug|Any CPU
		{DF8184D7-D3C1-4503-BB31-4881E257F926}.Debug|ARM.ActiveCfg = Debug|Any CPU
		{DF8184D7-D3C1-4503-BB31-4881E257F926}.Debug|ARM.Build.0 = Debug|Any CPU
		{DF8184D7-D3C1-4503-BB31-4881E257F926}.Debug|x64.ActiveCfg = Debug|Any CPU
		{DF8184D7-D3C1-4503-BB31-4881E257F926}.Debug|x64.Build.0 = Debug|Any CPU
		{DF8184D7-D3C1-4503-BB31-4881E257F926}.Debug|x86.ActiveCfg = Debug|Any CPU
		{DF8184D7-D3C1-4503-BB31-4881E257F926}.Debug|x86.Build.0 = Debug|Any CPU
		{DF8184D7-D3C1-4503-BB31-4881E257F926}.Release|Any CPU.ActiveCfg = Release|Any CPU
		{DF8184D7-D3C1-4503-BB31-4881E257F926}.Release|Any CPU.Build.0 = Release|Any CPU
		{DF8184D7-D3C1-4503-BB31-4881E257F926}.Release|ARM.ActiveCfg = Release|Any CPU
		{DF8184D7-D3C1-4503-BB31-4881E257F926}.Release|ARM.Build.0 = Release|Any CPU
		{DF8184D7-D3C1-4503-BB31-4881E257F926}.Release|x64.ActiveCfg = Release|Any CPU
		{DF8184D7-D3C1-4503-BB31-4881E257F926}.Release|x64.Build.0 = Release|Any CPU
		{DF8184D7-D3C1-4503-BB31-4881E257F926}.Release|x86.ActiveCfg = Release|Any CPU
		{DF8184D7-D3C1-4503-BB31-4881E257F926}.Release|x86.Build.0 = Release|Any CPU
		{8C4F5BDF-1988-471E-9A58-D5CB410CAEBA}.Debug|Any CPU.ActiveCfg = Debug|Any CPU
		{8C4F5BDF-1988-471E-9A58-D5CB410CAEBA}.Debug|Any CPU.Build.0 = Debug|Any CPU
		{8C4F5BDF-1988-471E-9A58-D5CB410CAEBA}.Debug|ARM.ActiveCfg = Debug|Any CPU
		{8C4F5BDF-1988-471E-9A58-D5CB410CAEBA}.Debug|ARM.Build.0 = Debug|Any CPU
		{8C4F5BDF-1988-471E-9A58-D5CB410CAEBA}.Debug|x64.ActiveCfg = Debug|Any CPU
		{8C4F5BDF-1988-471E-9A58-D5CB410CAEBA}.Debug|x64.Build.0 = Debug|Any CPU
		{8C4F5BDF-1988-471E-9A58-D5CB410CAEBA}.Debug|x86.ActiveCfg = Debug|Any CPU
		{8C4F5BDF-1988-471E-9A58-D5CB410CAEBA}.Debug|x86.Build.0 = Debug|Any CPU
		{8C4F5BDF-1988-471E-9A58-D5CB410CAEBA}.Release|Any CPU.ActiveCfg = Release|Any CPU
		{8C4F5BDF-1988-471E-9A58-D5CB410CAEBA}.Release|Any CPU.Build.0 = Release|Any CPU
		{8C4F5BDF-1988-471E-9A58-D5CB410CAEBA}.Release|ARM.ActiveCfg = Release|Any CPU
		{8C4F5BDF-1988-471E-9A58-D5CB410CAEBA}.Release|ARM.Build.0 = Release|Any CPU
		{8C4F5BDF-1988-471E-9A58-D5CB410CAEBA}.Release|x64.ActiveCfg = Release|Any CPU
		{8C4F5BDF-1988-471E-9A58-D5CB410CAEBA}.Release|x64.Build.0 = Release|Any CPU
		{8C4F5BDF-1988-471E-9A58-D5CB410CAEBA}.Release|x86.ActiveCfg = Release|Any CPU
		{8C4F5BDF-1988-471E-9A58-D5CB410CAEBA}.Release|x86.Build.0 = Release|Any CPU
		{C7A99609-927E-4729-834B-9DEDA5EE901A}.Debug|Any CPU.ActiveCfg = Debug|Any CPU
		{C7A99609-927E-4729-834B-9DEDA5EE901A}.Debug|Any CPU.Build.0 = Debug|Any CPU
		{C7A99609-927E-4729-834B-9DEDA5EE901A}.Debug|ARM.ActiveCfg = Debug|Any CPU
		{C7A99609-927E-4729-834B-9DEDA5EE901A}.Debug|ARM.Build.0 = Debug|Any CPU
		{C7A99609-927E-4729-834B-9DEDA5EE901A}.Debug|x64.ActiveCfg = Debug|Any CPU
		{C7A99609-927E-4729-834B-9DEDA5EE901A}.Debug|x64.Build.0 = Debug|Any CPU
		{C7A99609-927E-4729-834B-9DEDA5EE901A}.Debug|x86.ActiveCfg = Debug|Any CPU
		{C7A99609-927E-4729-834B-9DEDA5EE901A}.Debug|x86.Build.0 = Debug|Any CPU
		{C7A99609-927E-4729-834B-9DEDA5EE901A}.Release|Any CPU.ActiveCfg = Release|Any CPU
		{C7A99609-927E-4729-834B-9DEDA5EE901A}.Release|Any CPU.Build.0 = Release|Any CPU
		{C7A99609-927E-4729-834B-9DEDA5EE901A}.Release|ARM.ActiveCfg = Release|Any CPU
		{C7A99609-927E-4729-834B-9DEDA5EE901A}.Release|ARM.Build.0 = Release|Any CPU
		{C7A99609-927E-4729-834B-9DEDA5EE901A}.Release|x64.ActiveCfg = Release|Any CPU
		{C7A99609-927E-4729-834B-9DEDA5EE901A}.Release|x64.Build.0 = Release|Any CPU
		{C7A99609-927E-4729-834B-9DEDA5EE901A}.Release|x86.ActiveCfg = Release|Any CPU
		{C7A99609-927E-4729-834B-9DEDA5EE901A}.Release|x86.Build.0 = Release|Any CPU
		{D372A857-7EF6-4634-9D7C-DB552F38E5D3}.Debug|Any CPU.ActiveCfg = Debug|Any CPU
		{D372A857-7EF6-4634-9D7C-DB552F38E5D3}.Debug|Any CPU.Build.0 = Debug|Any CPU
		{D372A857-7EF6-4634-9D7C-DB552F38E5D3}.Debug|ARM.ActiveCfg = Debug|Any CPU
		{D372A857-7EF6-4634-9D7C-DB552F38E5D3}.Debug|ARM.Build.0 = Debug|Any CPU
		{D372A857-7EF6-4634-9D7C-DB552F38E5D3}.Debug|x64.ActiveCfg = Debug|Any CPU
		{D372A857-7EF6-4634-9D7C-DB552F38E5D3}.Debug|x64.Build.0 = Debug|Any CPU
		{D372A857-7EF6-4634-9D7C-DB552F38E5D3}.Debug|x86.ActiveCfg = Debug|Any CPU
		{D372A857-7EF6-4634-9D7C-DB552F38E5D3}.Debug|x86.Build.0 = Debug|Any CPU
		{D372A857-7EF6-4634-9D7C-DB552F38E5D3}.Release|Any CPU.ActiveCfg = Release|Any CPU
		{D372A857-7EF6-4634-9D7C-DB552F38E5D3}.Release|Any CPU.Build.0 = Release|Any CPU
		{D372A857-7EF6-4634-9D7C-DB552F38E5D3}.Release|ARM.ActiveCfg = Release|Any CPU
		{D372A857-7EF6-4634-9D7C-DB552F38E5D3}.Release|ARM.Build.0 = Release|Any CPU
		{D372A857-7EF6-4634-9D7C-DB552F38E5D3}.Release|x64.ActiveCfg = Release|Any CPU
		{D372A857-7EF6-4634-9D7C-DB552F38E5D3}.Release|x64.Build.0 = Release|Any CPU
		{D372A857-7EF6-4634-9D7C-DB552F38E5D3}.Release|x86.ActiveCfg = Release|Any CPU
		{D372A857-7EF6-4634-9D7C-DB552F38E5D3}.Release|x86.Build.0 = Release|Any CPU
	EndGlobalSection
	GlobalSection(SolutionProperties) = preSolution
		HideSolutionNode = FALSE
	EndGlobalSection
	GlobalSection(ExtensibilityGlobals) = postSolution
		SolutionGuid = {CBCCFBEF-ECED-44D1-93B1-63E862D364F1}
	EndGlobalSection
EndGlobal
